
Microsoft Visual Studio Solution File, Format Version 12.00
# Visual Studio 15
Project("{FAE04EC0-301F-11D3-BF4B-00C04F79EFBC}") = "Assembly-CSharp", "Assembly-CSharp.csproj", "{BB02815B-A26D-6371-3D29-EC2003CDBE6F}"
EndProject
Project("{FAE04EC0-301F-11D3-BF4B-00C04F79EFBC}") = "Assembly-CSharp-Editor", "Assembly-CSharp-Editor.csproj", "{302A0B01-24FE-9C5D-1517-DDCBB42D65F2}"
EndProject
Global
	GlobalSection(SolutionConfigurationPlatforms) = preSolution
		Debug|Any CPU = Debug|Any CPU
		Release|Any CPU = Release|Any CPU
	EndGlobalSection
	GlobalSection(ProjectConfigurationPlatforms) = postSolution
		{BB02815B-A26D-6371-3D29-EC2003CDBE6F}.Debug|Any CPU.ActiveCfg = Debug|Any CPU
		{BB02815B-A26D-6371-3D29-EC2003CDBE6F}.Debug|Any CPU.Build.0 = Debug|Any CPU
		{BB02815B-A26D-6371-3D29-EC2003CDBE6F}.Release|Any CPU.ActiveCfg = Release|Any CPU
		{BB02815B-A26D-6371-3D29-EC2003CDBE6F}.Release|Any CPU.Build.0 = Release|Any CPU
		{302A0B01-24FE-9C5D-1517-DDCBB42D65F2}.Debug|Any CPU.ActiveCfg = Debug|Any CPU
		{302A0B01-24FE-9C5D-1517-DDCBB42D65F2}.Debug|Any CPU.Build.0 = Debug|Any CPU
		{302A0B01-24FE-9C5D-1517-DDCBB42D65F2}.Release|Any CPU.ActiveCfg = Release|Any CPU
		{302A0B01-24FE-9C5D-1517-DDCBB42D65F2}.Release|Any CPU.Build.0 = Release|Any CPU
	EndGlobalSection
	GlobalSection(SolutionProperties) = preSolution
		HideSolutionNode = FALSE
	EndGlobalSection
EndGlobal
